// !$*UTF8*$!
{
	archiveVersion = 1;
	classes = {
	};
	objectVersion = 51;
	objects = {

/* Begin PBXBuildFile section */
		110BFE4426454D1900570CAA /* INFO_TableViewCell.swift in Sources */ = {isa = PBXBuildFile; fileRef = 110BFE4326454D1900570CAA /* INFO_TableViewCell.swift */; };
		113405992639009A00EA29EB /* INFO_ViewController.swift in Sources */ = {isa = PBXBuildFile; fileRef = 113405982639009A00EA29EB /* INFO_ViewController.swift */; };
		113405CE2639A8D000EA29EB /* GetUserInfo.swift in Sources */ = {isa = PBXBuildFile; fileRef = 113405CD2639A8D000EA29EB /* GetUserInfo.swift */; };
		11BDA621263C6740003ECC3E /* DataReceive.swift in Sources */ = {isa = PBXBuildFile; fileRef = 11BDA620263C6740003ECC3E /* DataReceive.swift */; };
		11CE56DF2633EF0300E528A0 /* APIRequest.swift in Sources */ = {isa = PBXBuildFile; fileRef = 11CE56DE2633EF0300E528A0 /* APIRequest.swift */; };
		11CE56E82633EF7200E528A0 /* User.swift in Sources */ = {isa = PBXBuildFile; fileRef = 11CE56E72633EF7200E528A0 /* User.swift */; };
		11CE56EB2633EF9300E528A0 /* Token.swift in Sources */ = {isa = PBXBuildFile; fileRef = 11CE56EA2633EF9300E528A0 /* Token.swift */; };
		11CE56EF2633EFD900E528A0 /* DataRequest.swift in Sources */ = {isa = PBXBuildFile; fileRef = 11CE56EE2633EFD900E528A0 /* DataRequest.swift */; };
		3EC8A0FF5F1355DA99D6C1A1 /* Pods_Attendance_App.framework in Frameworks */ = {isa = PBXBuildFile; fileRef = A7E73C38304648604F329D96 /* Pods_Attendance_App.framework */; };
		FF6D4816262AF3C500394EFE /* AppDelegate.swift in Sources */ = {isa = PBXBuildFile; fileRef = FF6D4815262AF3C500394EFE /* AppDelegate.swift */; };
		FF6D4818262AF3C500394EFE /* ViewController.swift in Sources */ = {isa = PBXBuildFile; fileRef = FF6D4817262AF3C500394EFE /* ViewController.swift */; };
		FF6D481B262AF3C500394EFE /* Main.storyboard in Resources */ = {isa = PBXBuildFile; fileRef = FF6D4819262AF3C500394EFE /* Main.storyboard */; };
		FF6D481D262AF3C600394EFE /* Assets.xcassets in Resources */ = {isa = PBXBuildFile; fileRef = FF6D481C262AF3C600394EFE /* Assets.xcassets */; };
		FF6D4820262AF3C600394EFE /* LaunchScreen.storyboard in Resources */ = {isa = PBXBuildFile; fileRef = FF6D481E262AF3C600394EFE /* LaunchScreen.storyboard */; };
		FF6D4829262AF8A800394EFE /* StyleLogin.swift in Sources */ = {isa = PBXBuildFile; fileRef = FF6D4828262AF8A800394EFE /* StyleLogin.swift */; };
		FFA62EF2262DCF2000EE300B /* Akronim.ttf in Resources */ = {isa = PBXBuildFile; fileRef = FFA62EF1262DCF2000EE300B /* Akronim.ttf */; };
/* End PBXBuildFile section */

/* Begin PBXFileReference section */
		110BFE4326454D1900570CAA /* INFO_TableViewCell.swift */ = {isa = PBXFileReference; lastKnownFileType = sourcecode.swift; path = INFO_TableViewCell.swift; sourceTree = "<group>"; };
		113405982639009A00EA29EB /* INFO_ViewController.swift */ = {isa = PBXFileReference; lastKnownFileType = sourcecode.swift; path = INFO_ViewController.swift; sourceTree = "<group>"; };
		113405CD2639A8D000EA29EB /* GetUserInfo.swift */ = {isa = PBXFileReference; lastKnownFileType = sourcecode.swift; path = GetUserInfo.swift; sourceTree = "<group>"; };
		11BDA620263C6740003ECC3E /* DataReceive.swift */ = {isa = PBXFileReference; lastKnownFileType = sourcecode.swift; path = DataReceive.swift; sourceTree = "<group>"; };
		11CE56DE2633EF0300E528A0 /* APIRequest.swift */ = {isa = PBXFileReference; lastKnownFileType = sourcecode.swift; path = APIRequest.swift; sourceTree = "<group>"; };
		11CE56E72633EF7200E528A0 /* User.swift */ = {isa = PBXFileReference; lastKnownFileType = sourcecode.swift; path = User.swift; sourceTree = "<group>"; };
		11CE56EA2633EF9300E528A0 /* Token.swift */ = {isa = PBXFileReference; lastKnownFileType = sourcecode.swift; path = Token.swift; sourceTree = "<group>"; };
		11CE56EE2633EFD900E528A0 /* DataRequest.swift */ = {isa = PBXFileReference; lastKnownFileType = sourcecode.swift; path = DataRequest.swift; sourceTree = "<group>"; };
		2FB08F9015726D8C552D081C /* Pods-Attendance_App.release.xcconfig */ = {isa = PBXFileReference; includeInIndex = 1; lastKnownFileType = text.xcconfig; name = "Pods-Attendance_App.release.xcconfig"; path = "Target Support Files/Pods-Attendance_App/Pods-Attendance_App.release.xcconfig"; sourceTree = "<group>"; };
		8F6DE50AD91728B98A695774 /* Pods-Attendance_App.debug.xcconfig */ = {isa = PBXFileReference; includeInIndex = 1; lastKnownFileType = text.xcconfig; name = "Pods-Attendance_App.debug.xcconfig"; path = "Target Support Files/Pods-Attendance_App/Pods-Attendance_App.debug.xcconfig"; sourceTree = "<group>"; };
		A7E73C38304648604F329D96 /* Pods_Attendance_App.framework */ = {isa = PBXFileReference; explicitFileType = wrapper.framework; includeInIndex = 0; path = Pods_Attendance_App.framework; sourceTree = BUILT_PRODUCTS_DIR; };
		FF6D4812262AF3C500394EFE /* Attendance_App.app */ = {isa = PBXFileReference; explicitFileType = wrapper.application; includeInIndex = 0; path = Attendance_App.app; sourceTree = BUILT_PRODUCTS_DIR; };
		FF6D4815262AF3C500394EFE /* AppDelegate.swift */ = {isa = PBXFileReference; lastKnownFileType = sourcecode.swift; path = AppDelegate.swift; sourceTree = "<group>"; };
		FF6D4817262AF3C500394EFE /* ViewController.swift */ = {isa = PBXFileReference; lastKnownFileType = sourcecode.swift; path = ViewController.swift; sourceTree = "<group>"; };
		FF6D481A262AF3C500394EFE /* Base */ = {isa = PBXFileReference; lastKnownFileType = file.storyboard; name = Base; path = Base.lproj/Main.storyboard; sourceTree = "<group>"; };
		FF6D481C262AF3C600394EFE /* Assets.xcassets */ = {isa = PBXFileReference; lastKnownFileType = folder.assetcatalog; path = Assets.xcassets; sourceTree = "<group>"; };
		FF6D481F262AF3C600394EFE /* Base */ = {isa = PBXFileReference; lastKnownFileType = file.storyboard; name = Base; path = Base.lproj/LaunchScreen.storyboard; sourceTree = "<group>"; };
		FF6D4821262AF3C600394EFE /* Info.plist */ = {isa = PBXFileReference; lastKnownFileType = text.plist.xml; path = Info.plist; sourceTree = "<group>"; };
		FF6D4828262AF8A800394EFE /* StyleLogin.swift */ = {isa = PBXFileReference; lastKnownFileType = sourcecode.swift; path = StyleLogin.swift; sourceTree = "<group>"; };
		FFA62EF1262DCF2000EE300B /* Akronim.ttf */ = {isa = PBXFileReference; lastKnownFileType = file; path = Akronim.ttf; sourceTree = "<group>"; };
/* End PBXFileReference section */

/* Begin PBXFrameworksBuildPhase section */
		FF6D480F262AF3C500394EFE /* Frameworks */ = {
			isa = PBXFrameworksBuildPhase;
			buildActionMask = 2147483647;
			files = (
				3EC8A0FF5F1355DA99D6C1A1 /* Pods_Attendance_App.framework in Frameworks */,
			);
			runOnlyForDeploymentPostprocessing = 0;
		};
/* End PBXFrameworksBuildPhase section */

/* Begin PBXGroup section */
		110BFE3F26440A8200570CAA /* User Class Info */ = {
			isa = PBXGroup;
			children = (
				113405982639009A00EA29EB /* INFO_ViewController.swift */,
				110BFE4326454D1900570CAA /* INFO_TableViewCell.swift */,
			);
			path = "User Class Info";
			sourceTree = "<group>";
		};
		113405CC2639A87700EA29EB /* GET */ = {
			isa = PBXGroup;
			children = (
				113405CD2639A8D000EA29EB /* GetUserInfo.swift */,
			);
			path = GET;
			sourceTree = "<group>";
		};
		11CE56DC2633EEE600E528A0 /* API */ = {
			isa = PBXGroup;
			children = (
				113405CC2639A87700EA29EB /* GET */,
				11CE56ED2633EFC300E528A0 /* DataRequest */,
				11CE56E22633EF3900E528A0 /* DataRespond */,
				11CE56DD2633EEEC00E528A0 /* POST */,
			);
			path = API;
			sourceTree = "<group>";
		};
		11CE56DD2633EEEC00E528A0 /* POST */ = {
			isa = PBXGroup;
			children = (
				11CE56DE2633EF0300E528A0 /* APIRequest.swift */,
			);
			path = POST;
			sourceTree = "<group>";
		};
		11CE56E22633EF3900E528A0 /* DataRespond */ = {
			isa = PBXGroup;
			children = (
				11CE56E72633EF7200E528A0 /* User.swift */,
				11CE56EA2633EF9300E528A0 /* Token.swift */,
				11BDA620263C6740003ECC3E /* DataReceive.swift */,
			);
			path = DataRespond;
			sourceTree = "<group>";
		};
		11CE56ED2633EFC300E528A0 /* DataRequest */ = {
			isa = PBXGroup;
			children = (
				11CE56EE2633EFD900E528A0 /* DataRequest.swift */,
			);
			path = DataRequest;
			sourceTree = "<group>";
		};
		4CD5BD71E98E47521340CF79 /* Pods */ = {
			isa = PBXGroup;
			children = (
				8F6DE50AD91728B98A695774 /* Pods-Attendance_App.debug.xcconfig */,
				2FB08F9015726D8C552D081C /* Pods-Attendance_App.release.xcconfig */,
			);
			path = Pods;
			sourceTree = "<group>";
		};
		8075871415A4B1AB344ACBB6 /* Frameworks */ = {
			isa = PBXGroup;
			children = (
				A7E73C38304648604F329D96 /* Pods_Attendance_App.framework */,
			);
			name = Frameworks;
			sourceTree = "<group>";
		};
		FF0E3BFB262B46540011450A /* StoryBoard */ = {
			isa = PBXGroup;
			children = (
				FF6D4819262AF3C500394EFE /* Main.storyboard */,
				FF6D481E262AF3C600394EFE /* LaunchScreen.storyboard */,
			);
			path = StoryBoard;
			sourceTree = "<group>";
		};
		FF6D4809262AF3C500394EFE = {
			isa = PBXGroup;
			children = (
				FF6D4814262AF3C500394EFE /* Attendance_App */,
				FF6D4813262AF3C500394EFE /* Products */,
				4CD5BD71E98E47521340CF79 /* Pods */,
				8075871415A4B1AB344ACBB6 /* Frameworks */,
			);
			sourceTree = "<group>";
		};
		FF6D4813262AF3C500394EFE /* Products */ = {
			isa = PBXGroup;
			children = (
				FF6D4812262AF3C500394EFE /* Attendance_App.app */,
			);
			name = Products;
			sourceTree = "<group>";
		};
		FF6D4814262AF3C500394EFE /* Attendance_App */ = {
			isa = PBXGroup;
			children = (
				11CE56DC2633EEE600E528A0 /* API */,
				FF6D4815262AF3C500394EFE /* AppDelegate.swift */,
				FF6D482A262B00E300394EFE /* ViewControllers */,
				FF6D4827262AF87000394EFE /* StyleLogin */,
				FFA62EF0262DCEDE00EE300B /* Font */,
				FF0E3BFB262B46540011450A /* StoryBoard */,
				FF6D481C262AF3C600394EFE /* Assets.xcassets */,
				FF6D4821262AF3C600394EFE /* Info.plist */,
				110BFE3F26440A8200570CAA /* User Class Info */,
			);
			path = Attendance_App;
			sourceTree = "<group>";
		};
		FF6D4827262AF87000394EFE /* StyleLogin */ = {
			isa = PBXGroup;
			children = (
				FF6D4828262AF8A800394EFE /* StyleLogin.swift */,
			);
			path = StyleLogin;
			sourceTree = "<group>";
		};
		FF6D482A262B00E300394EFE /* ViewControllers */ = {
			isa = PBXGroup;
			children = (
				FF6D4817262AF3C500394EFE /* ViewController.swift */,
			);
			path = ViewControllers;
			sourceTree = "<group>";
		};
		FFA62EF0262DCEDE00EE300B /* Font */ = {
			isa = PBXGroup;
			children = (
				FFA62EF1262DCF2000EE300B /* Akronim.ttf */,
			);
			path = Font;
			sourceTree = "<group>";
		};
/* End PBXGroup section */

/* Begin PBXNativeTarget section */
		FF6D4811262AF3C500394EFE /* Attendance_App */ = {
			isa = PBXNativeTarget;
			buildConfigurationList = FF6D4824262AF3C600394EFE /* Build configuration list for PBXNativeTarget "Attendance_App" */;
			buildPhases = (
				C0CD7681ED3EC292EFA236F5 /* [CP] Check Pods Manifest.lock */,
				FF6D480E262AF3C500394EFE /* Sources */,
				FF6D480F262AF3C500394EFE /* Frameworks */,
				FF6D4810262AF3C500394EFE /* Resources */,
				D27ADADF9A146443F345BC20 /* [CP] Embed Pods Frameworks */,
			);
			buildRules = (
			);
			dependencies = (
			);
			name = Attendance_App;
			productName = Attendance_App;
			productReference = FF6D4812262AF3C500394EFE /* Attendance_App.app */;
			productType = "com.apple.product-type.application";
		};
/* End PBXNativeTarget section */

/* Begin PBXProject section */
		FF6D480A262AF3C500394EFE /* Project object */ = {
			isa = PBXProject;
			attributes = {
				LastSwiftUpdateCheck = 1010;
				LastUpgradeCheck = 1010;
				ORGANIZATIONNAME = J.K;
				TargetAttributes = {
					FF6D4811262AF3C500394EFE = {
						CreatedOnToolsVersion = 10.1;
					};
				};
			};
			buildConfigurationList = FF6D480D262AF3C500394EFE /* Build configuration list for PBXProject "Attendance_App" */;
			compatibilityVersion = "Xcode 9.3";
			developmentRegion = en;
			hasScannedForEncodings = 0;
			knownRegions = (
				en,
				Base,
			);
			mainGroup = FF6D4809262AF3C500394EFE;
			productRefGroup = FF6D4813262AF3C500394EFE /* Products */;
			projectDirPath = "";
			projectRoot = "";
			targets = (
				FF6D4811262AF3C500394EFE /* Attendance_App */,
			);
		};
/* End PBXProject section */

/* Begin PBXResourcesBuildPhase section */
		FF6D4810262AF3C500394EFE /* Resources */ = {
			isa = PBXResourcesBuildPhase;
			buildActionMask = 2147483647;
			files = (
				FFA62EF2262DCF2000EE300B /* Akronim.ttf in Resources */,
				FF6D4820262AF3C600394EFE /* LaunchScreen.storyboard in Resources */,
				FF6D481D262AF3C600394EFE /* Assets.xcassets in Resources */,
				FF6D481B262AF3C500394EFE /* Main.storyboard in Resources */,
			);
			runOnlyForDeploymentPostprocessing = 0;
		};
/* End PBXResourcesBuildPhase section */

/* Begin PBXShellScriptBuildPhase section */
		C0CD7681ED3EC292EFA236F5 /* [CP] Check Pods Manifest.lock */ = {
			isa = PBXShellScriptBuildPhase;
			buildActionMask = 2147483647;
			files = (
			);
			inputFileListPaths = (
			);
			inputPaths = (
				"${PODS_PODFILE_DIR_PATH}/Podfile.lock",
				"${PODS_ROOT}/Manifest.lock",
			);
			name = "[CP] Check Pods Manifest.lock";
			outputFileListPaths = (
			);
			outputPaths = (
				"$(DERIVED_FILE_DIR)/Pods-Attendance_App-checkManifestLockResult.txt",
			);
			runOnlyForDeploymentPostprocessing = 0;
			shellPath = /bin/sh;
			shellScript = "diff \"${PODS_PODFILE_DIR_PATH}/Podfile.lock\" \"${PODS_ROOT}/Manifest.lock\" > /dev/null\nif [ $? != 0 ] ; then\n    # print error to STDERR\n    echo \"error: The sandbox is not in sync with the Podfile.lock. Run 'pod install' or update your CocoaPods installation.\" >&2\n    exit 1\nfi\n# This output is used by Xcode 'outputs' to avoid re-running this script phase.\necho \"SUCCESS\" > \"${SCRIPT_OUTPUT_FILE_0}\"\n";
			showEnvVarsInLog = 0;
		};
		D27ADADF9A146443F345BC20 /* [CP] Embed Pods Frameworks */ = {
			isa = PBXShellScriptBuildPhase;
			buildActionMask = 2147483647;
			files = (
			);
			inputFileListPaths = (
				"${PODS_ROOT}/Target Support Files/Pods-Attendance_App/Pods-Attendance_App-frameworks-${CONFIGURATION}-input-files.xcfilelist",
			);
			name = "[CP] Embed Pods Frameworks";
			outputFileListPaths = (
				"${PODS_ROOT}/Target Support Files/Pods-Attendance_App/Pods-Attendance_App-frameworks-${CONFIGURATION}-output-files.xcfilelist",
			);
			runOnlyForDeploymentPostprocessing = 0;
			shellPath = /bin/sh;
			shellScript = "\"${PODS_ROOT}/Target Support Files/Pods-Attendance_App/Pods-Attendance_App-frameworks.sh\"\n";
			showEnvVarsInLog = 0;
		};
/* End PBXShellScriptBuildPhase section */

/* Begin PBXSourcesBuildPhase section */
		FF6D480E262AF3C500394EFE /* Sources */ = {
			isa = PBXSourcesBuildPhase;
			buildActionMask = 2147483647;
			files = (
				11CE56EB2633EF9300E528A0 /* Token.swift in Sources */,
				110BFE4426454D1900570CAA /* INFO_TableViewCell.swift in Sources */,
				FF6D4818262AF3C500394EFE /* ViewController.swift in Sources */,
				11CE56E82633EF7200E528A0 /* User.swift in Sources */,
				FF6D4829262AF8A800394EFE /* StyleLogin.swift in Sources */,
				11CE56DF2633EF0300E528A0 /* APIRequest.swift in Sources */,
				11BDA621263C6740003ECC3E /* DataReceive.swift in Sources */,
				FF6D4816262AF3C500394EFE /* AppDelegate.swift in Sources */,
				113405992639009A00EA29EB /* INFO_ViewController.swift in Sources */,
				11CE56EF2633EFD900E528A0 /* DataRequest.swift in Sources */,
				113405CE2639A8D000EA29EB /* GetUserInfo.swift in Sources */,
			);
			runOnlyForDeploymentPostprocessing = 0;
		};
/* End PBXSourcesBuildPhase section */

/* Begin PBXVariantGroup section */
		FF6D4819262AF3C500394EFE /* Main.storyboard */ = {
			isa = PBXVariantGroup;
			children = (
				FF6D481A262AF3C500394EFE /* Base */,
			);
			name = Main.storyboard;
			sourceTree = "<group>";
		};
		FF6D481E262AF3C600394EFE /* LaunchScreen.storyboard */ = {
			isa = PBXVariantGroup;
			children = (
				FF6D481F262AF3C600394EFE /* Base */,
			);
			name = LaunchScreen.storyboard;
			sourceTree = "<group>";
		};
/* End PBXVariantGroup section */

/* Begin XCBuildConfiguration section */
		FF6D4822262AF3C600394EFE /* Debug */ = {
			isa = XCBuildConfiguration;
			buildSettings = {
				ALWAYS_SEARCH_USER_PATHS = NO;
				CLANG_ANALYZER_NONNULL = YES;
				CLANG_ANALYZER_NUMBER_OBJECT_CONVERSION = YES_AGGRESSIVE;
				CLANG_CXX_LANGUAGE_STANDARD = "gnu++14";
				CLANG_CXX_LIBRARY = "libc++";
				CLANG_ENABLE_MODULES = YES;
				CLANG_ENABLE_OBJC_ARC = YES;
				CLANG_ENABLE_OBJC_WEAK = YES;
				CLANG_WARN_BLOCK_CAPTURE_AUTORELEASING = YES;
				CLANG_WARN_BOOL_CONVERSION = YES;
				CLANG_WARN_COMMA = YES;
				CLANG_WARN_CONSTANT_CONVERSION = YES;
				CLANG_WARN_DEPRECATED_OBJC_IMPLEMENTATIONS = YES;
				CLANG_WARN_DIRECT_OBJC_ISA_USAGE = YES_ERROR;
				CLANG_WARN_DOCUMENTATION_COMMENTS = YES;
				CLANG_WARN_EMPTY_BODY = YES;
				CLANG_WARN_ENUM_CONVERSION = YES;
				CLANG_WARN_INFINITE_RECURSION = YES;
				CLANG_WARN_INT_CONVERSION = YES;
				CLANG_WARN_NON_LITERAL_NULL_CONVERSION = YES;
				CLANG_WARN_OBJC_IMPLICIT_RETAIN_SELF = YES;
				CLANG_WARN_OBJC_LITERAL_CONVERSION = YES;
				CLANG_WARN_OBJC_ROOT_CLASS = YES_ERROR;
				CLANG_WARN_RANGE_LOOP_ANALYSIS = YES;
				CLANG_WARN_STRICT_PROTOTYPES = YES;
				CLANG_WARN_SUSPICIOUS_MOVE = YES;
				CLANG_WARN_UNGUARDED_AVAILABILITY = YES_AGGRESSIVE;
				CLANG_WARN_UNREACHABLE_CODE = YES;
				CLANG_WARN__DUPLICATE_METHOD_MATCH = YES;
				CODE_SIGN_IDENTITY = "iPhone Developer";
				COPY_PHASE_STRIP = NO;
				DEBUG_INFORMATION_FORMAT = dwarf;
				ENABLE_STRICT_OBJC_MSGSEND = YES;
				ENABLE_TESTABILITY = YES;
				GCC_C_LANGUAGE_STANDARD = gnu11;
				GCC_DYNAMIC_NO_PIC = NO;
				GCC_NO_COMMON_BLOCKS = YES;
				GCC_OPTIMIZATION_LEVEL = 0;
				GCC_PREPROCESSOR_DEFINITIONS = (
					"DEBUG=1",
					"$(inherited)",
				);
				GCC_WARN_64_TO_32_BIT_CONVERSION = YES;
				GCC_WARN_ABOUT_RETURN_TYPE = YES_ERROR;
				GCC_WARN_UNDECLARED_SELECTOR = YES;
				GCC_WARN_UNINITIALIZED_AUTOS = YES_AGGRESSIVE;
				GCC_WARN_UNUSED_FUNCTION = YES;
				GCC_WARN_UNUSED_VARIABLE = YES;
				IPHONEOS_DEPLOYMENT_TARGET = 12.1;
				MTL_ENABLE_DEBUG_INFO = INCLUDE_SOURCE;
				MTL_FAST_MATH = YES;
				ONLY_ACTIVE_ARCH = YES;
				SDKROOT = iphoneos;
				SWIFT_ACTIVE_COMPILATION_CONDITIONS = DEBUG;
				SWIFT_OPTIMIZATION_LEVEL = "-Onone";
			};
			name = Debug;
		};
		FF6D4823262AF3C600394EFE /* Release */ = {
			isa = XCBuildConfiguration;
			buildSettings = {
				ALWAYS_SEARCH_USER_PATHS = NO;
				CLANG_ANALYZER_NONNULL = YES;
				CLANG_ANALYZER_NUMBER_OBJECT_CONVERSION = YES_AGGRESSIVE;
				CLANG_CXX_LANGUAGE_STANDARD = "gnu++14";
				CLANG_CXX_LIBRARY = "libc++";
				CLANG_ENABLE_MODULES = YES;
				CLANG_ENABLE_OBJC_ARC = YES;
				CLANG_ENABLE_OBJC_WEAK = YES;
				CLANG_WARN_BLOCK_CAPTURE_AUTORELEASING = YES;
				CLANG_WARN_BOOL_CONVERSION = YES;
				CLANG_WARN_COMMA = YES;
				CLANG_WARN_CONSTANT_CONVERSION = YES;
				CLANG_WARN_DEPRECATED_OBJC_IMPLEMENTATIONS = YES;
				CLANG_WARN_DIRECT_OBJC_ISA_USAGE = YES_ERROR;
				CLANG_WARN_DOCUMENTATION_COMMENTS = YES;
				CLANG_WARN_EMPTY_BODY = YES;
				CLANG_WARN_ENUM_CONVERSION = YES;
				CLANG_WARN_INFINITE_RECURSION = YES;
				CLANG_WARN_INT_CONVERSION = YES;
				CLANG_WARN_NON_LITERAL_NULL_CONVERSION = YES;
				CLANG_WARN_OBJC_IMPLICIT_RETAIN_SELF = YES;
				CLANG_WARN_OBJC_LITERAL_CONVERSION = YES;
				CLANG_WARN_OBJC_ROOT_CLASS = YES_ERROR;
				CLANG_WARN_RANGE_LOOP_ANALYSIS = YES;
				CLANG_WARN_STRICT_PROTOTYPES = YES;
				CLANG_WARN_SUSPICIOUS_MOVE = YES;
				CLANG_WARN_UNGUARDED_AVAILABILITY = YES_AGGRESSIVE;
				CLANG_WARN_UNREACHABLE_CODE = YES;
				CLANG_WARN__DUPLICATE_METHOD_MATCH = YES;
				CODE_SIGN_IDENTITY = "iPhone Developer";
				COPY_PHASE_STRIP = NO;
				DEBUG_INFORMATION_FORMAT = "dwarf-with-dsym";
				ENABLE_NS_ASSERTIONS = NO;
				ENABLE_STRICT_OBJC_MSGSEND = YES;
				GCC_C_LANGUAGE_STANDARD = gnu11;
				GCC_NO_COMMON_BLOCKS = YES;
				GCC_WARN_64_TO_32_BIT_CONVERSION = YES;
				GCC_WARN_ABOUT_RETURN_TYPE = YES_ERROR;
				GCC_WARN_UNDECLARED_SELECTOR = YES;
				GCC_WARN_UNINITIALIZED_AUTOS = YES_AGGRESSIVE;
				GCC_WARN_UNUSED_FUNCTION = YES;
				GCC_WARN_UNUSED_VARIABLE = YES;
				IPHONEOS_DEPLOYMENT_TARGET = 12.1;
				MTL_ENABLE_DEBUG_INFO = NO;
				MTL_FAST_MATH = YES;
				SDKROOT = iphoneos;
				SWIFT_COMPILATION_MODE = wholemodule;
				SWIFT_OPTIMIZATION_LEVEL = "-O";
				VALIDATE_PRODUCT = YES;
			};
			name = Release;
		};
		FF6D4825262AF3C600394EFE /* Debug */ = {
			isa = XCBuildConfiguration;
			baseConfigurationReference = 8F6DE50AD91728B98A695774 /* Pods-Attendance_App.debug.xcconfig */;
			buildSettings = {
				ASSETCATALOG_COMPILER_APPICON_NAME = AppIcon;
				CODE_SIGN_STYLE = Automatic;
				INFOPLIST_FILE = Attendance_App/Info.plist;
				LD_RUNPATH_SEARCH_PATHS = (
					"$(inherited)",
					"@executable_path/Frameworks",
				);
				PRODUCT_BUNDLE_IDENTIFIER = "Huu-Toan.Attendance-App";
				PRODUCT_NAME = "$(TARGET_NAME)";
				SWIFT_VERSION = 4.2;
				TARGETED_DEVICE_FAMILY = "1,2";
			};
			name = Debug;
		};
		FF6D4826262AF3C600394EFE /* Release */ = {
			isa = XCBuildConfiguration;
			baseConfigurationReference = 2FB08F9015726D8C552D081C /* Pods-Attendance_App.release.xcconfig */;
			buildSettings = {
				ASSETCATALOG_COMPILER_APPICON_NAME = AppIcon;
				CODE_SIGN_STYLE = Automatic;
				INFOPLIST_FILE = Attendance_App/Info.plist;
				LD_RUNPATH_SEARCH_PATHS = (
					"$(inherited)",
					"@executable_path/Frameworks",
				);
				PRODUCT_BUNDLE_IDENTIFIER = "Huu-Toan.Attendance-App";
				PRODUCT_NAME = "$(TARGET_NAME)";
				SWIFT_VERSION = 4.2;
				TARGETED_DEVICE_FAMILY = "1,2";
			};
			name = Release;
		};
/* End XCBuildConfiguration section */

/* Begin XCConfigurationList section */
		FF6D480D262AF3C500394EFE /* Build configuration list for PBXProject "Attendance_App" */ = {
			isa = XCConfigurationList;
			buildConfigurations = (
				FF6D4822262AF3C600394EFE /* Debug */,
				FF6D4823262AF3C600394EFE /* Release */,
			);
			defaultConfigurationIsVisible = 0;
			defaultConfigurationName = Release;
		};
		FF6D4824262AF3C600394EFE /* Build configuration list for PBXNativeTarget "Attendance_App" */ = {
			isa = XCConfigurationList;
			buildConfigurations = (
				FF6D4825262AF3C600394EFE /* Debug */,
				FF6D4826262AF3C600394EFE /* Release */,
			);
			defaultConfigurationIsVisible = 0;
			defaultConfigurationName = Release;
		};
/* End XCConfigurationList section */
	};
	rootObject = FF6D480A262AF3C500394EFE /* Project object */;
}
